{
  "name": "consuming-app",
  "version": "0.0.0",
  "lockfileVersion": 2,
  "requires": true,
  "packages": {
    "": {
      "name": "consuming-app",
      "version": "0.0.0",
      "dependencies": {
        "@oruga-ui/oruga-next": "^0.5.5",
        "@vee-validate/i18n": "^4.5.11",
        "@vee-validate/rules": "^4.5.11",
        "pinia": "^2.0.14",
        "vee-validate": "^4.5.11",
        "vue": "^3.2.25",
        "vue-3-component-library-test": "^0.0.12591"
      },
      "devDependencies": {
        "@vitejs/plugin-vue": "^2.3.3",
        "vite": "^2.9.9"
      }
    },
    "../vue-3-component-library": {
      "version": "0.0.1",
      "extraneous": true,
      "dependencies": {
        "pinia": "^2.0.14",
        "primevue": "^3.15.0",
        "vue": "^3.2.37"
      },
      "devDependencies": {
        "@rushstack/eslint-patch": "^1.1.0",
        "@vitejs/plugin-vue": "^2.3.3",
        "@vue/eslint-config-prettier": "^7.0.0",
        "@vue/test-utils": "^2.0.0",
        "eslint": "^8.5.0",
        "eslint-plugin-vue": "^9.0.0",
        "jsdom": "^20.0.0",
        "prettier": "^2.5.1",
        "vite": "^2.9.12",
        "vitest": "^0.15.1"
      },
      "peerDependencies": {
        "vue": "^3.2.37"
      }
    },
    "node_modules/@babel/parser": {
      "version": "7.18.6",
      "license": "MIT",
      "bin": {
        "parser": "bin/babel-parser.js"
      },
      "engines": {
        "node": ">=6.0.0"
      }
    },
    "node_modules/@intlify/core-base": {
      "version": "9.1.10",
      "resolved": "https://registry.npmjs.org/@intlify/core-base/-/core-base-9.1.10.tgz",
      "integrity": "sha512-So9CNUavB/IsZ+zBmk2Cv6McQp6vc2wbGi1S0XQmJ8Vz+UFcNn9MFXAe9gY67PreIHrbLsLxDD0cwo1qsxM1Nw==",
      "dependencies": {
        "@intlify/devtools-if": "9.1.10",
        "@intlify/message-compiler": "9.1.10",
        "@intlify/message-resolver": "9.1.10",
        "@intlify/runtime": "9.1.10",
        "@intlify/shared": "9.1.10",
        "@intlify/vue-devtools": "9.1.10"
      },
      "engines": {
        "node": ">= 10"
      }
    },
    "node_modules/@intlify/devtools-if": {
      "version": "9.1.10",
      "resolved": "https://registry.npmjs.org/@intlify/devtools-if/-/devtools-if-9.1.10.tgz",
      "integrity": "sha512-SHaKoYu6sog3+Q8js1y3oXLywuogbH1sKuc7NSYkN3GElvXSBaMoCzW+we0ZSFqj/6c7vTNLg9nQ6rxhKqYwnQ==",
      "dependencies": {
        "@intlify/shared": "9.1.10"
      },
      "engines": {
        "node": ">= 10"
      }
    },
    "node_modules/@intlify/message-compiler": {
      "version": "9.1.10",
      "resolved": "https://registry.npmjs.org/@intlify/message-compiler/-/message-compiler-9.1.10.tgz",
      "integrity": "sha512-+JiJpXff/XTb0EadYwdxOyRTB0hXNd4n1HaJ/a4yuV960uRmPXaklJsedW0LNdcptd/hYUZtCkI7Lc9J5C1gxg==",
      "dependencies": {
        "@intlify/message-resolver": "9.1.10",
        "@intlify/shared": "9.1.10",
        "source-map": "0.6.1"
      },
      "engines": {
        "node": ">= 10"
      }
    },
    "node_modules/@intlify/message-resolver": {
      "version": "9.1.10",
      "resolved": "https://registry.npmjs.org/@intlify/message-resolver/-/message-resolver-9.1.10.tgz",
      "integrity": "sha512-5YixMG/M05m0cn9+gOzd4EZQTFRUu8RGhzxJbR1DWN21x/Z3bJ8QpDYj6hC4FwBj5uKsRfKpJQ3Xqg98KWoA+w==",
      "engines": {
        "node": ">= 10"
      }
    },
    "node_modules/@intlify/runtime": {
      "version": "9.1.10",
      "resolved": "https://registry.npmjs.org/@intlify/runtime/-/runtime-9.1.10.tgz",
      "integrity": "sha512-7QsuByNzpe3Gfmhwq6hzgXcMPpxz8Zxb/XFI6s9lQdPLPe5Lgw4U1ovRPZTOs6Y2hwitR3j/HD8BJNGWpJnOFA==",
      "dependencies": {
        "@intlify/message-compiler": "9.1.10",
        "@intlify/message-resolver": "9.1.10",
        "@intlify/shared": "9.1.10"
      },
      "engines": {
        "node": ">= 10"
      }
    },
    "node_modules/@intlify/shared": {
      "version": "9.1.10",
      "resolved": "https://registry.npmjs.org/@intlify/shared/-/shared-9.1.10.tgz",
      "integrity": "sha512-Om54xJeo1Vw+K1+wHYyXngE8cAbrxZHpWjYzMR9wCkqbhGtRV5VLhVc214Ze2YatPrWlS2WSMOWXR8JktX/IgA==",
      "engines": {
        "node": ">= 10"
      }
    },
    "node_modules/@intlify/vue-devtools": {
      "version": "9.1.10",
      "resolved": "https://registry.npmjs.org/@intlify/vue-devtools/-/vue-devtools-9.1.10.tgz",
      "integrity": "sha512-5l3qYARVbkWAkagLu1XbDUWRJSL8br1Dj60wgMaKB0+HswVsrR6LloYZTg7ozyvM621V6+zsmwzbQxbVQyrytQ==",
      "dependencies": {
        "@intlify/message-resolver": "9.1.10",
        "@intlify/runtime": "9.1.10",
        "@intlify/shared": "9.1.10"
      },
      "engines": {
        "node": ">= 10"
      }
    },
    "node_modules/@oruga-ui/oruga-next": {
      "version": "0.5.5",
      "resolved": "https://registry.npmjs.org/@oruga-ui/oruga-next/-/oruga-next-0.5.5.tgz",
      "integrity": "sha512-LmieX0fo0hbhJQRaKf4rfUlyDUwGVYkjGmSNfbontRKfKrEmmr1w1mxraF2Orxc894gkwi64NQh/SRSm4pIE5g==",
      "peerDependencies": {
        "vue": "^3.0.0"
      }
    },
    "node_modules/@vee-validate/i18n": {
      "version": "4.5.11",
      "resolved": "https://registry.npmjs.org/@vee-validate/i18n/-/i18n-4.5.11.tgz",
      "integrity": "sha512-RMPF+nabSD4BIpbPpqKvsuAqUY00WfV9C/M3pEBzwgt2mUlv6nu9TsA5ybuI/UhLf8whqVnaiV2BOMwft+4OgQ=="
    },
    "node_modules/@vee-validate/rules": {
      "version": "4.5.11",
      "resolved": "https://registry.npmjs.org/@vee-validate/rules/-/rules-4.5.11.tgz",
      "integrity": "sha512-aGwxjr/5/w8LFVObPB6UrqYt0oRlHHFw8/nxZHowY4LP62GWlAi+mAp1fb15Paav/c9rgV4iiqsNYarS1zpNQw=="
    },
    "node_modules/@vitejs/plugin-vue": {
      "version": "2.3.3",
      "dev": true,
      "license": "MIT",
      "engines": {
        "node": ">=12.0.0"
      },
      "peerDependencies": {
        "vite": "^2.5.10",
        "vue": "^3.2.25"
      }
    },
    "node_modules/@vue/compiler-core": {
      "version": "3.2.37",
      "license": "MIT",
      "dependencies": {
        "@babel/parser": "^7.16.4",
        "@vue/shared": "3.2.37",
        "estree-walker": "^2.0.2",
        "source-map": "^0.6.1"
      }
    },
    "node_modules/@vue/compiler-dom": {
      "version": "3.2.37",
      "license": "MIT",
      "dependencies": {
        "@vue/compiler-core": "3.2.37",
        "@vue/shared": "3.2.37"
      }
    },
    "node_modules/@vue/compiler-sfc": {
      "version": "3.2.37",
      "license": "MIT",
      "dependencies": {
        "@babel/parser": "^7.16.4",
        "@vue/compiler-core": "3.2.37",
        "@vue/compiler-dom": "3.2.37",
        "@vue/compiler-ssr": "3.2.37",
        "@vue/reactivity-transform": "3.2.37",
        "@vue/shared": "3.2.37",
        "estree-walker": "^2.0.2",
        "magic-string": "^0.25.7",
        "postcss": "^8.1.10",
        "source-map": "^0.6.1"
      }
    },
    "node_modules/@vue/compiler-ssr": {
      "version": "3.2.37",
      "license": "MIT",
      "dependencies": {
        "@vue/compiler-dom": "3.2.37",
        "@vue/shared": "3.2.37"
      }
    },
    "node_modules/@vue/devtools-api": {
      "version": "6.2.0",
      "resolved": "https://registry.npmjs.org/@vue/devtools-api/-/devtools-api-6.2.0.tgz",
      "integrity": "sha512-pF1G4wky+hkifDiZSWn8xfuLOJI1ZXtuambpBEYaf7Xaf6zC/pM29rvAGpd3qaGXnr4BAXU1Pxz/VfvBGwexGA=="
    },
    "node_modules/@vue/reactivity": {
      "version": "3.2.37",
      "license": "MIT",
      "dependencies": {
        "@vue/shared": "3.2.37"
      }
    },
    "node_modules/@vue/reactivity-transform": {
      "version": "3.2.37",
      "license": "MIT",
      "dependencies": {
        "@babel/parser": "^7.16.4",
        "@vue/compiler-core": "3.2.37",
        "@vue/shared": "3.2.37",
        "estree-walker": "^2.0.2",
        "magic-string": "^0.25.7"
      }
    },
    "node_modules/@vue/runtime-core": {
      "version": "3.2.37",
      "license": "MIT",
      "dependencies": {
        "@vue/reactivity": "3.2.37",
        "@vue/shared": "3.2.37"
      }
    },
    "node_modules/@vue/runtime-dom": {
      "version": "3.2.37",
      "license": "MIT",
      "dependencies": {
        "@vue/runtime-core": "3.2.37",
        "@vue/shared": "3.2.37",
        "csstype": "^2.6.8"
      }
    },
    "node_modules/@vue/server-renderer": {
      "version": "3.2.37",
      "license": "MIT",
      "dependencies": {
        "@vue/compiler-ssr": "3.2.37",
        "@vue/shared": "3.2.37"
      },
      "peerDependencies": {
        "vue": "3.2.37"
      }
    },
    "node_modules/@vue/shared": {
      "version": "3.2.37",
      "license": "MIT"
    },
    "node_modules/csstype": {
      "version": "2.6.20",
      "license": "MIT"
    },
    "node_modules/esbuild": {
      "version": "0.14.48",
      "dev": true,
      "hasInstallScript": true,
      "license": "MIT",
      "bin": {
        "esbuild": "bin/esbuild"
      },
      "engines": {
        "node": ">=12"
      },
      "optionalDependencies": {
        "esbuild-android-64": "0.14.48",
        "esbuild-android-arm64": "0.14.48",
        "esbuild-darwin-64": "0.14.48",
        "esbuild-darwin-arm64": "0.14.48",
        "esbuild-freebsd-64": "0.14.48",
        "esbuild-freebsd-arm64": "0.14.48",
        "esbuild-linux-32": "0.14.48",
        "esbuild-linux-64": "0.14.48",
        "esbuild-linux-arm": "0.14.48",
        "esbuild-linux-arm64": "0.14.48",
        "esbuild-linux-mips64le": "0.14.48",
        "esbuild-linux-ppc64le": "0.14.48",
        "esbuild-linux-riscv64": "0.14.48",
        "esbuild-linux-s390x": "0.14.48",
        "esbuild-netbsd-64": "0.14.48",
        "esbuild-openbsd-64": "0.14.48",
        "esbuild-sunos-64": "0.14.48",
        "esbuild-windows-32": "0.14.48",
        "esbuild-windows-64": "0.14.48",
        "esbuild-windows-arm64": "0.14.48"
      }
    },
    "node_modules/esbuild-darwin-64": {
      "version": "0.14.48",
      "cpu": [
        "x64"
      ],
      "dev": true,
      "license": "MIT",
      "optional": true,
      "os": [
        "darwin"
      ],
      "engines": {
        "node": ">=12"
      }
    },
    "node_modules/estree-walker": {
      "version": "2.0.2",
      "license": "MIT"
    },
    "node_modules/fsevents": {
      "version": "2.3.2",
      "dev": true,
      "license": "MIT",
      "optional": true,
      "os": [
        "darwin"
      ],
      "engines": {
        "node": "^8.16.0 || ^10.6.0 || >=11.0.0"
      }
    },
    "node_modules/function-bind": {
      "version": "1.1.1",
      "dev": true,
      "license": "MIT"
    },
    "node_modules/has": {
      "version": "1.0.3",
      "dev": true,
      "license": "MIT",
      "dependencies": {
        "function-bind": "^1.1.1"
      },
      "engines": {
        "node": ">= 0.4.0"
      }
    },
    "node_modules/is-core-module": {
      "version": "2.9.0",
      "dev": true,
      "license": "MIT",
      "dependencies": {
        "has": "^1.0.3"
      },
      "funding": {
        "url": "https://github.com/sponsors/ljharb"
      }
    },
    "node_modules/magic-string": {
      "version": "0.25.9",
      "license": "MIT",
      "dependencies": {
        "sourcemap-codec": "^1.4.8"
      }
    },
    "node_modules/nanoid": {
      "version": "3.3.4",
      "license": "MIT",
      "bin": {
        "nanoid": "bin/nanoid.cjs"
      },
      "engines": {
        "node": "^10 || ^12 || ^13.7 || ^14 || >=15.0.1"
      }
    },
    "node_modules/path-parse": {
      "version": "1.0.7",
      "dev": true,
      "license": "MIT"
    },
    "node_modules/picocolors": {
      "version": "1.0.0",
      "license": "ISC"
    },
    "node_modules/pinia": {
      "version": "2.0.14",
      "resolved": "https://registry.npmjs.org/pinia/-/pinia-2.0.14.tgz",
      "integrity": "sha512-0nPuZR4TetT/WcLN+feMSjWJku3SQU7dBbXC6uw+R6FLQJCsg+/0pzXyD82T1FmAYe0lsx+jnEDQ1BLgkRKlxA==",
      "dependencies": {
        "@vue/devtools-api": "^6.1.4",
        "vue-demi": "*"
      },
      "funding": {
        "url": "https://github.com/sponsors/posva"
      },
      "peerDependencies": {
        "@vue/composition-api": "^1.4.0",
        "typescript": ">=4.4.4",
        "vue": "^2.6.14 || ^3.2.0"
      },
      "peerDependenciesMeta": {
        "@vue/composition-api": {
          "optional": true
        },
        "typescript": {
          "optional": true
        }
      }
    },
    "node_modules/pinia/node_modules/vue-demi": {
      "version": "0.13.2",
      "resolved": "https://registry.npmjs.org/vue-demi/-/vue-demi-0.13.2.tgz",
      "integrity": "sha512-41ukrclEbMddAyP7PvxMSYqnOSzPV6r7GNnyTSKSCNTaz19GehxmTiXyP9kwHSUv2+Dr6hHqiUiF7L1VAw2KdQ==",
      "hasInstallScript": true,
      "bin": {
        "vue-demi-fix": "bin/vue-demi-fix.js",
        "vue-demi-switch": "bin/vue-demi-switch.js"
      },
      "engines": {
        "node": ">=12"
      },
      "funding": {
        "url": "https://github.com/sponsors/antfu"
      },
      "peerDependencies": {
        "@vue/composition-api": "^1.0.0-rc.1",
        "vue": "^3.0.0-0 || ^2.6.0"
      },
      "peerDependenciesMeta": {
        "@vue/composition-api": {
          "optional": true
        }
      }
    },
    "node_modules/postcss": {
      "version": "8.4.14",
      "funding": [
        {
          "type": "opencollective",
          "url": "https://opencollective.com/postcss/"
        },
        {
          "type": "tidelift",
          "url": "https://tidelift.com/funding/github/npm/postcss"
        }
      ],
      "license": "MIT",
      "dependencies": {
        "nanoid": "^3.3.4",
        "picocolors": "^1.0.0",
        "source-map-js": "^1.0.2"
      },
      "engines": {
        "node": "^10 || ^12 || >=14"
      }
    },
    "node_modules/primeicons": {
      "version": "5.0.0",
      "resolved": "https://registry.npmjs.org/primeicons/-/primeicons-5.0.0.tgz",
      "integrity": "sha512-heygWF0X5HFI1otlZE62pp6ye7sZ8om78J9au2BRkg8O7Y8AHTZ9qKMRzchZUHLe8zUAvdi6hZzzm9XxgwIExw=="
    },
    "node_modules/primevue": {
      "version": "3.15.0",
      "resolved": "https://registry.npmjs.org/primevue/-/primevue-3.15.0.tgz",
      "integrity": "sha512-WOOjUJ53DUbYqh+jhxciNNrHiets4tgGaCkAaPSP3CrFvXBK2Vs38cPbVd+iVhJMsUoT//+pkP58j7eE8BcF8Q==",
      "peerDependencies": {
        "primeicons": "^5.0.0",
        "vue": "^3.0.0"
      }
    },
    "node_modules/resolve": {
      "version": "1.22.1",
      "dev": true,
      "license": "MIT",
      "dependencies": {
        "is-core-module": "^2.9.0",
        "path-parse": "^1.0.7",
        "supports-preserve-symlinks-flag": "^1.0.0"
      },
      "bin": {
        "resolve": "bin/resolve"
      },
      "funding": {
        "url": "https://github.com/sponsors/ljharb"
      }
    },
    "node_modules/rollup": {
      "version": "2.75.7",
      "dev": true,
      "license": "MIT",
      "bin": {
        "rollup": "dist/bin/rollup"
      },
      "engines": {
        "node": ">=10.0.0"
      },
      "optionalDependencies": {
        "fsevents": "~2.3.2"
      }
    },
    "node_modules/source-map": {
      "version": "0.6.1",
      "license": "BSD-3-Clause",
      "engines": {
        "node": ">=0.10.0"
      }
    },
    "node_modules/source-map-js": {
      "version": "1.0.2",
      "license": "BSD-3-Clause",
      "engines": {
        "node": ">=0.10.0"
      }
    },
    "node_modules/sourcemap-codec": {
      "version": "1.4.8",
      "license": "MIT"
    },
    "node_modules/supports-preserve-symlinks-flag": {
      "version": "1.0.0",
      "dev": true,
      "license": "MIT",
      "engines": {
        "node": ">= 0.4"
      },
      "funding": {
        "url": "https://github.com/sponsors/ljharb"
      }
    },
    "node_modules/vee-validate": {
      "version": "4.5.11",
      "resolved": "https://registry.npmjs.org/vee-validate/-/vee-validate-4.5.11.tgz",
      "integrity": "sha512-bNF2TtuRnLnPsw6+Q/P3bMx8c2iJbvQmyikTr9r65PLAdqtdhQxnsIS3ayYNIzNWZ50sysv01DteN9h3XT/gFg==",
      "dependencies": {
        "@vue/devtools-api": "^6.0.0-beta.15"
      },
      "peerDependencies": {
        "vue": "^3.0.0"
      }
    },
    "node_modules/vite": {
      "version": "2.9.13",
      "dev": true,
      "license": "MIT",
      "dependencies": {
        "esbuild": "^0.14.27",
        "postcss": "^8.4.13",
        "resolve": "^1.22.0",
        "rollup": "^2.59.0"
      },
      "bin": {
        "vite": "bin/vite.js"
      },
      "engines": {
        "node": ">=12.2.0"
      },
      "optionalDependencies": {
        "fsevents": "~2.3.2"
      },
      "peerDependencies": {
        "less": "*",
        "sass": "*",
        "stylus": "*"
      },
      "peerDependenciesMeta": {
        "less": {
          "optional": true
        },
        "sass": {
          "optional": true
        },
        "stylus": {
          "optional": true
        }
      }
    },
    "node_modules/vue": {
      "version": "3.2.37",
      "license": "MIT",
      "dependencies": {
        "@vue/compiler-dom": "3.2.37",
        "@vue/compiler-sfc": "3.2.37",
        "@vue/runtime-dom": "3.2.37",
        "@vue/server-renderer": "3.2.37",
        "@vue/shared": "3.2.37"
      }
    },
    "node_modules/vue-3-component-library-test": {
      "version": "0.0.12591",
      "resolved": "https://registry.npmjs.org/vue-3-component-library-test/-/vue-3-component-library-test-0.0.12591.tgz",
      "integrity": "sha512-a3bCPOHLwSeC2C1xbtWf+D/uavEffZ+NpjOBqitCQwQz1Xl9W0tundK4xpJSqn61YCssN7b1/XK4vlKGYHo+mQ==",
      "dependencies": {
        "primeicons": "^5.0.0",
        "primevue": "^3.15.0",
        "vue-i18n": "^9.1.10"
      },
      "peerDependencies": {
        "@vee-validate/i18n": "^4.5.11",
        "@vee-validate/rules": "^4.5.11",
        "pinia": "^2.0.14",
        "vee-validate": "^4.5.11",
        "vue": "^3.2.37"
      }
    },
    "node_modules/vue-i18n": {
      "version": "9.1.10",
      "resolved": "https://registry.npmjs.org/vue-i18n/-/vue-i18n-9.1.10.tgz",
      "integrity": "sha512-jpr7gV5KPk4n+sSPdpZT8Qx3XzTcNDWffRlHV/cT2NUyEf+sEgTTmLvnBAibjOFJ0zsUyZlVTAWH5DDnYep+1g==",
      "dependencies": {
        "@intlify/core-base": "9.1.10",
        "@intlify/shared": "9.1.10",
        "@intlify/vue-devtools": "9.1.10",
        "@vue/devtools-api": "^6.0.0-beta.7"
      },
      "engines": {
        "node": ">= 10"
      },
      "peerDependencies": {
        "vue": "^3.0.0"
      }
    }
  },
  "dependencies": {
    "@babel/parser": {
      "version": "7.18.6"
    },
    "@intlify/core-base": {
      "version": "9.1.10",
      "resolved": "https://registry.npmjs.org/@intlify/core-base/-/core-base-9.1.10.tgz",
      "integrity": "sha512-So9CNUavB/IsZ+zBmk2Cv6McQp6vc2wbGi1S0XQmJ8Vz+UFcNn9MFXAe9gY67PreIHrbLsLxDD0cwo1qsxM1Nw==",
      "requires": {
        "@intlify/devtools-if": "9.1.10",
        "@intlify/message-compiler": "9.1.10",
        "@intlify/message-resolver": "9.1.10",
        "@intlify/runtime": "9.1.10",
        "@intlify/shared": "9.1.10",
        "@intlify/vue-devtools": "9.1.10"
      }
    },
    "@intlify/devtools-if": {
      "version": "9.1.10",
      "resolved": "https://registry.npmjs.org/@intlify/devtools-if/-/devtools-if-9.1.10.tgz",
      "integrity": "sha512-SHaKoYu6sog3+Q8js1y3oXLywuogbH1sKuc7NSYkN3GElvXSBaMoCzW+we0ZSFqj/6c7vTNLg9nQ6rxhKqYwnQ==",
      "requires": {
        "@intlify/shared": "9.1.10"
      }
    },
    "@intlify/message-compiler": {
      "version": "9.1.10",
      "resolved": "https://registry.npmjs.org/@intlify/message-compiler/-/message-compiler-9.1.10.tgz",
      "integrity": "sha512-+JiJpXff/XTb0EadYwdxOyRTB0hXNd4n1HaJ/a4yuV960uRmPXaklJsedW0LNdcptd/hYUZtCkI7Lc9J5C1gxg==",
      "requires": {
        "@intlify/message-resolver": "9.1.10",
        "@intlify/shared": "9.1.10",
        "source-map": "0.6.1"
      }
    },
    "@intlify/message-resolver": {
      "version": "9.1.10",
      "resolved": "https://registry.npmjs.org/@intlify/message-resolver/-/message-resolver-9.1.10.tgz",
      "integrity": "sha512-5YixMG/M05m0cn9+gOzd4EZQTFRUu8RGhzxJbR1DWN21x/Z3bJ8QpDYj6hC4FwBj5uKsRfKpJQ3Xqg98KWoA+w=="
    },
    "@intlify/runtime": {
      "version": "9.1.10",
      "resolved": "https://registry.npmjs.org/@intlify/runtime/-/runtime-9.1.10.tgz",
      "integrity": "sha512-7QsuByNzpe3Gfmhwq6hzgXcMPpxz8Zxb/XFI6s9lQdPLPe5Lgw4U1ovRPZTOs6Y2hwitR3j/HD8BJNGWpJnOFA==",
      "requires": {
        "@intlify/message-compiler": "9.1.10",
        "@intlify/message-resolver": "9.1.10",
        "@intlify/shared": "9.1.10"
      }
    },
    "@intlify/shared": {
      "version": "9.1.10",
      "resolved": "https://registry.npmjs.org/@intlify/shared/-/shared-9.1.10.tgz",
      "integrity": "sha512-Om54xJeo1Vw+K1+wHYyXngE8cAbrxZHpWjYzMR9wCkqbhGtRV5VLhVc214Ze2YatPrWlS2WSMOWXR8JktX/IgA=="
    },
    "@intlify/vue-devtools": {
      "version": "9.1.10",
      "resolved": "https://registry.npmjs.org/@intlify/vue-devtools/-/vue-devtools-9.1.10.tgz",
      "integrity": "sha512-5l3qYARVbkWAkagLu1XbDUWRJSL8br1Dj60wgMaKB0+HswVsrR6LloYZTg7ozyvM621V6+zsmwzbQxbVQyrytQ==",
      "requires": {
        "@intlify/message-resolver": "9.1.10",
        "@intlify/runtime": "9.1.10",
        "@intlify/shared": "9.1.10"
      }
    },
    "@oruga-ui/oruga-next": {
      "version": "0.5.5",
      "resolved": "https://registry.npmjs.org/@oruga-ui/oruga-next/-/oruga-next-0.5.5.tgz",
      "integrity": "sha512-LmieX0fo0hbhJQRaKf4rfUlyDUwGVYkjGmSNfbontRKfKrEmmr1w1mxraF2Orxc894gkwi64NQh/SRSm4pIE5g==",
      "requires": {}
    },
    "@vee-validate/i18n": {
      "version": "4.5.11",
      "resolved": "https://registry.npmjs.org/@vee-validate/i18n/-/i18n-4.5.11.tgz",
      "integrity": "sha512-RMPF+nabSD4BIpbPpqKvsuAqUY00WfV9C/M3pEBzwgt2mUlv6nu9TsA5ybuI/UhLf8whqVnaiV2BOMwft+4OgQ=="
    },
    "@vee-validate/rules": {
      "version": "4.5.11",
      "resolved": "https://registry.npmjs.org/@vee-validate/rules/-/rules-4.5.11.tgz",
      "integrity": "sha512-aGwxjr/5/w8LFVObPB6UrqYt0oRlHHFw8/nxZHowY4LP62GWlAi+mAp1fb15Paav/c9rgV4iiqsNYarS1zpNQw=="
    },
    "@vitejs/plugin-vue": {
      "version": "2.3.3",
      "dev": true,
      "requires": {}
    },
    "@vue/compiler-core": {
      "version": "3.2.37",
      "requires": {
        "@babel/parser": "^7.16.4",
        "@vue/shared": "3.2.37",
        "estree-walker": "^2.0.2",
        "source-map": "^0.6.1"
      }
    },
    "@vue/compiler-dom": {
      "version": "3.2.37",
      "requires": {
        "@vue/compiler-core": "3.2.37",
        "@vue/shared": "3.2.37"
      }
    },
    "@vue/compiler-sfc": {
      "version": "3.2.37",
      "requires": {
        "@babel/parser": "^7.16.4",
        "@vue/compiler-core": "3.2.37",
        "@vue/compiler-dom": "3.2.37",
        "@vue/compiler-ssr": "3.2.37",
        "@vue/reactivity-transform": "3.2.37",
        "@vue/shared": "3.2.37",
        "estree-walker": "^2.0.2",
        "magic-string": "^0.25.7",
        "postcss": "^8.1.10",
        "source-map": "^0.6.1"
      }
    },
    "@vue/compiler-ssr": {
      "version": "3.2.37",
      "requires": {
        "@vue/compiler-dom": "3.2.37",
        "@vue/shared": "3.2.37"
      }
    },
    "@vue/devtools-api": {
      "version": "6.2.0",
      "resolved": "https://registry.npmjs.org/@vue/devtools-api/-/devtools-api-6.2.0.tgz",
      "integrity": "sha512-pF1G4wky+hkifDiZSWn8xfuLOJI1ZXtuambpBEYaf7Xaf6zC/pM29rvAGpd3qaGXnr4BAXU1Pxz/VfvBGwexGA=="
    },
    "@vue/reactivity": {
      "version": "3.2.37",
      "requires": {
        "@vue/shared": "3.2.37"
      }
    },
    "@vue/reactivity-transform": {
      "version": "3.2.37",
      "requires": {
        "@babel/parser": "^7.16.4",
        "@vue/compiler-core": "3.2.37",
        "@vue/shared": "3.2.37",
        "estree-walker": "^2.0.2",
        "magic-string": "^0.25.7"
      }
    },
    "@vue/runtime-core": {
      "version": "3.2.37",
      "requires": {
        "@vue/reactivity": "3.2.37",
        "@vue/shared": "3.2.37"
      }
    },
    "@vue/runtime-dom": {
      "version": "3.2.37",
      "requires": {
        "@vue/runtime-core": "3.2.37",
        "@vue/shared": "3.2.37",
        "csstype": "^2.6.8"
      }
    },
    "@vue/server-renderer": {
      "version": "3.2.37",
      "requires": {
        "@vue/compiler-ssr": "3.2.37",
        "@vue/shared": "3.2.37"
      }
    },
    "@vue/shared": {
      "version": "3.2.37"
    },
    "csstype": {
      "version": "2.6.20"
    },
    "esbuild": {
      "version": "0.14.48",
      "dev": true,
      "requires": {
        "esbuild-android-64": "0.14.48",
        "esbuild-android-arm64": "0.14.48",
        "esbuild-darwin-64": "0.14.48",
        "esbuild-darwin-arm64": "0.14.48",
        "esbuild-freebsd-64": "0.14.48",
        "esbuild-freebsd-arm64": "0.14.48",
        "esbuild-linux-32": "0.14.48",
        "esbuild-linux-64": "0.14.48",
        "esbuild-linux-arm": "0.14.48",
        "esbuild-linux-arm64": "0.14.48",
        "esbuild-linux-mips64le": "0.14.48",
        "esbuild-linux-ppc64le": "0.14.48",
        "esbuild-linux-riscv64": "0.14.48",
        "esbuild-linux-s390x": "0.14.48",
        "esbuild-netbsd-64": "0.14.48",
        "esbuild-openbsd-64": "0.14.48",
        "esbuild-sunos-64": "0.14.48",
        "esbuild-windows-32": "0.14.48",
        "esbuild-windows-64": "0.14.48",
        "esbuild-windows-arm64": "0.14.48"
      }
    },
    "esbuild-darwin-64": {
      "version": "0.14.48",
      "dev": true,
      "optional": true
    },
    "estree-walker": {
      "version": "2.0.2"
    },
    "fsevents": {
      "version": "2.3.2",
      "dev": true,
      "optional": true
    },
    "function-bind": {
      "version": "1.1.1",
      "dev": true
    },
    "has": {
      "version": "1.0.3",
      "dev": true,
      "requires": {
        "function-bind": "^1.1.1"
      }
    },
    "is-core-module": {
      "version": "2.9.0",
      "dev": true,
      "requires": {
        "has": "^1.0.3"
      }
    },
    "magic-string": {
      "version": "0.25.9",
      "requires": {
        "sourcemap-codec": "^1.4.8"
      }
    },
    "nanoid": {
      "version": "3.3.4"
    },
    "path-parse": {
      "version": "1.0.7",
      "dev": true
    },
    "picocolors": {
      "version": "1.0.0"
    },
    "pinia": {
      "version": "2.0.14",
      "resolved": "https://registry.npmjs.org/pinia/-/pinia-2.0.14.tgz",
      "integrity": "sha512-0nPuZR4TetT/WcLN+feMSjWJku3SQU7dBbXC6uw+R6FLQJCsg+/0pzXyD82T1FmAYe0lsx+jnEDQ1BLgkRKlxA==",
      "requires": {
        "@vue/devtools-api": "^6.1.4",
        "vue-demi": "*"
      },
      "dependencies": {
        "vue-demi": {
          "version": "0.13.2",
          "resolved": "https://registry.npmjs.org/vue-demi/-/vue-demi-0.13.2.tgz",
          "integrity": "sha512-41ukrclEbMddAyP7PvxMSYqnOSzPV6r7GNnyTSKSCNTaz19GehxmTiXyP9kwHSUv2+Dr6hHqiUiF7L1VAw2KdQ==",
          "requires": {}
        }
      }
    },
    "postcss": {
      "version": "8.4.14",
      "requires": {
        "nanoid": "^3.3.4",
        "picocolors": "^1.0.0",
        "source-map-js": "^1.0.2"
      }
    },
    "primeicons": {
      "version": "5.0.0",
      "resolved": "https://registry.npmjs.org/primeicons/-/primeicons-5.0.0.tgz",
      "integrity": "sha512-heygWF0X5HFI1otlZE62pp6ye7sZ8om78J9au2BRkg8O7Y8AHTZ9qKMRzchZUHLe8zUAvdi6hZzzm9XxgwIExw=="
    },
    "primevue": {
      "version": "3.15.0",
      "resolved": "https://registry.npmjs.org/primevue/-/primevue-3.15.0.tgz",
      "integrity": "sha512-WOOjUJ53DUbYqh+jhxciNNrHiets4tgGaCkAaPSP3CrFvXBK2Vs38cPbVd+iVhJMsUoT//+pkP58j7eE8BcF8Q==",
      "requires": {}
    },
    "resolve": {
      "version": "1.22.1",
      "dev": true,
      "requires": {
        "is-core-module": "^2.9.0",
        "path-parse": "^1.0.7",
        "supports-preserve-symlinks-flag": "^1.0.0"
      }
    },
    "rollup": {
      "version": "2.75.7",
      "dev": true,
      "requires": {
        "fsevents": "~2.3.2"
      }
    },
    "source-map": {
      "version": "0.6.1"
    },
    "source-map-js": {
      "version": "1.0.2"
    },
    "sourcemap-codec": {
      "version": "1.4.8"
    },
    "supports-preserve-symlinks-flag": {
      "version": "1.0.0",
      "dev": true
    },
    "vee-validate": {
      "version": "4.5.11",
      "resolved": "https://registry.npmjs.org/vee-validate/-/vee-validate-4.5.11.tgz",
      "integrity": "sha512-bNF2TtuRnLnPsw6+Q/P3bMx8c2iJbvQmyikTr9r65PLAdqtdhQxnsIS3ayYNIzNWZ50sysv01DteN9h3XT/gFg==",
      "requires": {
        "@vue/devtools-api": "^6.0.0-beta.15"
      }
    },
    "vite": {
      "version": "2.9.13",
      "dev": true,
      "requires": {
        "esbuild": "^0.14.27",
        "fsevents": "~2.3.2",
        "postcss": "^8.4.13",
        "resolve": "^1.22.0",
        "rollup": "^2.59.0"
      }
    },
    "vue": {
      "version": "3.2.37",
      "requires": {
        "@vue/compiler-dom": "3.2.37",
        "@vue/compiler-sfc": "3.2.37",
        "@vue/runtime-dom": "3.2.37",
        "@vue/server-renderer": "3.2.37",
        "@vue/shared": "3.2.37"
      }
    },
    "vue-3-component-library-test": {
      "version": "0.0.12591",
      "resolved": "https://registry.npmjs.org/vue-3-component-library-test/-/vue-3-component-library-test-0.0.12591.tgz",
      "integrity": "sha512-a3bCPOHLwSeC2C1xbtWf+D/uavEffZ+NpjOBqitCQwQz1Xl9W0tundK4xpJSqn61YCssN7b1/XK4vlKGYHo+mQ==",
      "requires": {
        "primeicons": "^5.0.0",
        "primevue": "^3.15.0",
        "vue-i18n": "^9.1.10"
      }
    },
    "vue-i18n": {
      "version": "9.1.10",
      "resolved": "https://registry.npmjs.org/vue-i18n/-/vue-i18n-9.1.10.tgz",
      "integrity": "sha512-jpr7gV5KPk4n+sSPdpZT8Qx3XzTcNDWffRlHV/cT2NUyEf+sEgTTmLvnBAibjOFJ0zsUyZlVTAWH5DDnYep+1g==",
      "requires": {
        "@intlify/core-base": "9.1.10",
        "@intlify/shared": "9.1.10",
        "@intlify/vue-devtools": "9.1.10",
        "@vue/devtools-api": "^6.0.0-beta.7"
      }
    }
  }
}
